
Microsoft Visual Studio Solution File, Format Version 12.00
# Visual Studio Version 16
VisualStudioVersion = 16.0.29728.190
MinimumVisualStudioVersion = 10.0.40219.1
Project("{9A19103F-16F7-4668-BE54-9A1E7A4F7556}") = "Siskin.Core", "src\siskin\Siskin.Core\Siskin.Core.csproj", "{49FC76BC-65F8-4407-B2EB-B9CEA9150E27}"
EndProject
Project("{FAE04EC0-301F-11D3-BF4B-00C04F79EFBC}") = "Siskin.Core.Test", "test\Siskin.Core.Test\Siskin.Core.Test.csproj", "{454BC146-FE8D-475F-92AB-9CA91852B3B6}"
EndProject
Global
	GlobalSection(SolutionConfigurationPlatforms) = preSolution
		Debug|Any CPU = Debug|Any CPU
		Release|Any CPU = Release|Any CPU
	EndGlobalSection
	GlobalSection(ProjectConfigurationPlatforms) = postSolution
		{49FC76BC-65F8-4407-B2EB-B9CEA9150E27}.Debug|Any CPU.ActiveCfg = Debug|Any CPU
		{49FC76BC-65F8-4407-B2EB-B9CEA9150E27}.Debug|Any CPU.Build.0 = Debug|Any CPU
		{49FC76BC-65F8-4407-B2EB-B9CEA9150E27}.Release|Any CPU.ActiveCfg = Release|Any CPU
		{49FC76BC-65F8-4407-B2EB-B9CEA9150E27}.Release|Any CPU.Build.0 = Release|Any CPU
		{454BC146-FE8D-475F-92AB-9CA91852B3B6}.Debug|Any CPU.ActiveCfg = Debug|Any CPU
		{454BC146-FE8D-475F-92AB-9CA91852B3B6}.Debug|Any CPU.Build.0 = Debug|Any CPU
		{454BC146-FE8D-475F-92AB-9CA91852B3B6}.Release|Any CPU.ActiveCfg = Release|Any CPU
		{454BC146-FE8D-475F-92AB-9CA91852B3B6}.Release|Any CPU.Build.0 = Release|Any CPU
	EndGlobalSection
	GlobalSection(SolutionProperties) = preSolution
		HideSolutionNode = FALSE
	EndGlobalSection
	GlobalSection(ExtensibilityGlobals) = postSolution
		SolutionGuid = {9FA9EAAB-F4B5-4D3F-A8A2-EF92F55350B6}
	EndGlobalSection
EndGlobal
